// !$*UTF8*$!
{
	archiveVersion = 1;
	classes = {
	};
	objectVersion = 56;
	objects = {

/* Begin PBXBuildFile section */
		6A7DDB4D2C8C921D0058DDBC /* AppDelegate.swift in Sources */ = {isa = PBXBuildFile; fileRef = 6A7DDB4C2C8C921D0058DDBC /* AppDelegate.swift */; };
		6A7DDB4F2C8C921D0058DDBC /* SceneDelegate.swift in Sources */ = {isa = PBXBuildFile; fileRef = 6A7DDB4E2C8C921D0058DDBC /* SceneDelegate.swift */; };
		6A7DDB512C8C921D0058DDBC /* DetailViewController.swift in Sources */ = {isa = PBXBuildFile; fileRef = 6A7DDB502C8C921D0058DDBC /* DetailViewController.swift */; };
		6A7DDB542C8C921D0058DDBC /* Base in Resources */ = {isa = PBXBuildFile; fileRef = 6A7DDB532C8C921D0058DDBC /* Base */; };
		6A7DDB562C8C921F0058DDBC /* Assets.xcassets in Resources */ = {isa = PBXBuildFile; fileRef = 6A7DDB552C8C921F0058DDBC /* Assets.xcassets */; };
		6A7DDB592C8C921F0058DDBC /* Base in Resources */ = {isa = PBXBuildFile; fileRef = 6A7DDB582C8C921F0058DDBC /* Base */; };
		6A7DDB642C8C92200058DDBC /* GameOfWarMainAppTests.swift in Sources */ = {isa = PBXBuildFile; fileRef = 6A7DDB632C8C92200058DDBC /* GameOfWarMainAppTests.swift */; };
		6A7DDB6E2C8C92200058DDBC /* GameOfWarMainAppUITests.swift in Sources */ = {isa = PBXBuildFile; fileRef = 6A7DDB6D2C8C92200058DDBC /* GameOfWarMainAppUITests.swift */; };
		6A7DDB702C8C92200058DDBC /* GameOfWarMainAppUITestsLaunchTests.swift in Sources */ = {isa = PBXBuildFile; fileRef = 6A7DDB6F2C8C92200058DDBC /* GameOfWarMainAppUITestsLaunchTests.swift */; };
		6A7DDBAD2C8C96450058DDBC /* GameOfWarKit.framework in Frameworks */ = {isa = PBXBuildFile; fileRef = 6A7DDBAC2C8C96450058DDBC /* GameOfWarKit.framework */; settings = {ATTRIBUTES = (Required, ); }; };
		6A7DDBC82C8D9A430058DDBC /* WelcomeViewController.swift in Sources */ = {isa = PBXBuildFile; fileRef = 6A7DDBC72C8D9A430058DDBC /* WelcomeViewController.swift */; };
		6A7DDBCB2C8DA6BC0058DDBC /* SVProgressHUD in Frameworks */ = {isa = PBXBuildFile; productRef = 6A7DDBCA2C8DA6BC0058DDBC /* SVProgressHUD */; };
/* End PBXBuildFile section */

/* Begin PBXContainerItemProxy section */
		6A7DDB602C8C92200058DDBC /* PBXContainerItemProxy */ = {
			isa = PBXContainerItemProxy;
			containerPortal = 6A7DDB412C8C921D0058DDBC /* Project object */;
			proxyType = 1;
			remoteGlobalIDString = 6A7DDB482C8C921D0058DDBC;
			remoteInfo = GameOfWarMainApp;
		};
		6A7DDB6A2C8C92200058DDBC /* PBXContainerItemProxy */ = {
			isa = PBXContainerItemProxy;
			containerPortal = 6A7DDB412C8C921D0058DDBC /* Project object */;
			proxyType = 1;
			remoteGlobalIDString = 6A7DDB482C8C921D0058DDBC;
			remoteInfo = GameOfWarMainApp;
		};
/* End PBXContainerItemProxy section */

/* Begin PBXFileReference section */
		6A7DDB492C8C921D0058DDBC /* GameOfWarMainApp.app */ = {isa = PBXFileReference; explicitFileType = wrapper.application; includeInIndex = 0; path = GameOfWarMainApp.app; sourceTree = BUILT_PRODUCTS_DIR; };
		6A7DDB4C2C8C921D0058DDBC /* AppDelegate.swift */ = {isa = PBXFileReference; lastKnownFileType = sourcecode.swift; path = AppDelegate.swift; sourceTree = "<group>"; };
		6A7DDB4E2C8C921D0058DDBC /* SceneDelegate.swift */ = {isa = PBXFileReference; lastKnownFileType = sourcecode.swift; path = SceneDelegate.swift; sourceTree = "<group>"; };
		6A7DDB502C8C921D0058DDBC /* DetailViewController.swift */ = {isa = PBXFileReference; lastKnownFileType = sourcecode.swift; path = DetailViewController.swift; sourceTree = "<group>"; };
		6A7DDB532C8C921D0058DDBC /* Base */ = {isa = PBXFileReference; lastKnownFileType = file.storyboard; name = Base; path = Base.lproj/Main.storyboard; sourceTree = "<group>"; };
		6A7DDB552C8C921F0058DDBC /* Assets.xcassets */ = {isa = PBXFileReference; lastKnownFileType = folder.assetcatalog; path = Assets.xcassets; sourceTree = "<group>"; };
		6A7DDB582C8C921F0058DDBC /* Base */ = {isa = PBXFileReference; lastKnownFileType = file.storyboard; name = Base; path = Base.lproj/LaunchScreen.storyboard; sourceTree = "<group>"; };
		6A7DDB5A2C8C921F0058DDBC /* Info.plist */ = {isa = PBXFileReference; lastKnownFileType = text.plist.xml; path = Info.plist; sourceTree = "<group>"; };
		6A7DDB5F2C8C92200058DDBC /* GameOfWarMainAppTests.xctest */ = {isa = PBXFileReference; explicitFileType = wrapper.cfbundle; includeInIndex = 0; path = GameOfWarMainAppTests.xctest; sourceTree = BUILT_PRODUCTS_DIR; };
		6A7DDB632C8C92200058DDBC /* GameOfWarMainAppTests.swift */ = {isa = PBXFileReference; lastKnownFileType = sourcecode.swift; path = GameOfWarMainAppTests.swift; sourceTree = "<group>"; };
		6A7DDB692C8C92200058DDBC /* GameOfWarMainAppUITests.xctest */ = {isa = PBXFileReference; explicitFileType = wrapper.cfbundle; includeInIndex = 0; path = GameOfWarMainAppUITests.xctest; sourceTree = BUILT_PRODUCTS_DIR; };
		6A7DDB6D2C8C92200058DDBC /* GameOfWarMainAppUITests.swift */ = {isa = PBXFileReference; lastKnownFileType = sourcecode.swift; path = GameOfWarMainAppUITests.swift; sourceTree = "<group>"; };
		6A7DDB6F2C8C92200058DDBC /* GameOfWarMainAppUITestsLaunchTests.swift */ = {isa = PBXFileReference; lastKnownFileType = sourcecode.swift; path = GameOfWarMainAppUITestsLaunchTests.swift; sourceTree = "<group>"; };
		6A7DDBAC2C8C96450058DDBC /* GameOfWarKit.framework */ = {isa = PBXFileReference; explicitFileType = wrapper.framework; path = GameOfWarKit.framework; sourceTree = BUILT_PRODUCTS_DIR; };
		6A7DDBC72C8D9A430058DDBC /* WelcomeViewController.swift */ = {isa = PBXFileReference; lastKnownFileType = sourcecode.swift; path = WelcomeViewController.swift; sourceTree = "<group>"; };
/* End PBXFileReference section */

/* Begin PBXFrameworksBuildPhase section */
		6A7DDB462C8C921D0058DDBC /* Frameworks */ = {
			isa = PBXFrameworksBuildPhase;
			buildActionMask = 2147483647;
			files = (
				6A7DDBCB2C8DA6BC0058DDBC /* SVProgressHUD in Frameworks */,
				6A7DDBAD2C8C96450058DDBC /* GameOfWarKit.framework in Frameworks */,
			);
			runOnlyForDeploymentPostprocessing = 0;
		};
		6A7DDB5C2C8C92200058DDBC /* Frameworks */ = {
			isa = PBXFrameworksBuildPhase;
			buildActionMask = 2147483647;
			files = (
			);
			runOnlyForDeploymentPostprocessing = 0;
		};
		6A7DDB662C8C92200058DDBC /* Frameworks */ = {
			isa = PBXFrameworksBuildPhase;
			buildActionMask = 2147483647;
			files = (
			);
			runOnlyForDeploymentPostprocessing = 0;
		};
/* End PBXFrameworksBuildPhase section */

/* Begin PBXGroup section */
		6A7DDB402C8C921D0058DDBC = {
			isa = PBXGroup;
			children = (
				6A7DDB4B2C8C921D0058DDBC /* GameOfWarMainApp */,
				6A7DDB622C8C92200058DDBC /* GameOfWarMainAppTests */,
				6A7DDB6C2C8C92200058DDBC /* GameOfWarMainAppUITests */,
				6A7DDB4A2C8C921D0058DDBC /* Products */,
				6A7DDBAB2C8C96440058DDBC /* Frameworks */,
			);
			sourceTree = "<group>";
		};
		6A7DDB4A2C8C921D0058DDBC /* Products */ = {
			isa = PBXGroup;
			children = (
				6A7DDB492C8C921D0058DDBC /* GameOfWarMainApp.app */,
				6A7DDB5F2C8C92200058DDBC /* GameOfWarMainAppTests.xctest */,
				6A7DDB692C8C92200058DDBC /* GameOfWarMainAppUITests.xctest */,
			);
			name = Products;
			sourceTree = "<group>";
		};
		6A7DDB4B2C8C921D0058DDBC /* GameOfWarMainApp */ = {
			isa = PBXGroup;
			children = (
				6A7DDB4C2C8C921D0058DDBC /* AppDelegate.swift */,
				6A7DDB4E2C8C921D0058DDBC /* SceneDelegate.swift */,
				6A7DDB502C8C921D0058DDBC /* DetailViewController.swift */,
				6A7DDB522C8C921D0058DDBC /* Main.storyboard */,
				6A7DDB552C8C921F0058DDBC /* Assets.xcassets */,
				6A7DDB572C8C921F0058DDBC /* LaunchScreen.storyboard */,
				6A7DDB5A2C8C921F0058DDBC /* Info.plist */,
				6A7DDBC72C8D9A430058DDBC /* WelcomeViewController.swift */,
			);
			path = GameOfWarMainApp;
			sourceTree = "<group>";
		};
		6A7DDB622C8C92200058DDBC /* GameOfWarMainAppTests */ = {
			isa = PBXGroup;
			children = (
				6A7DDB632C8C92200058DDBC /* GameOfWarMainAppTests.swift */,
			);
			path = GameOfWarMainAppTests;
			sourceTree = "<group>";
		};
		6A7DDB6C2C8C92200058DDBC /* GameOfWarMainAppUITests */ = {
			isa = PBXGroup;
			children = (
				6A7DDB6D2C8C92200058DDBC /* GameOfWarMainAppUITests.swift */,
				6A7DDB6F2C8C92200058DDBC /* GameOfWarMainAppUITestsLaunchTests.swift */,
			);
			path = GameOfWarMainAppUITests;
			sourceTree = "<group>";
		};
		6A7DDBAB2C8C96440058DDBC /* Frameworks */ = {
			isa = PBXGroup;
			children = (
				6A7DDBAC2C8C96450058DDBC /* GameOfWarKit.framework */,
			);
			name = Frameworks;
			sourceTree = "<group>";
		};
/* End PBXGroup section */

/* Begin PBXNativeTarget section */
		6A7DDB482C8C921D0058DDBC /* GameOfWarMainApp */ = {
			isa = PBXNativeTarget;
			buildConfigurationList = 6A7DDB732C8C92200058DDBC /* Build configuration list for PBXNativeTarget "GameOfWarMainApp" */;
			buildPhases = (
				6A7DDB452C8C921D0058DDBC /* Sources */,
				6A7DDB462C8C921D0058DDBC /* Frameworks */,
				6A7DDB472C8C921D0058DDBC /* Resources */,
			);
			buildRules = (
			);
			dependencies = (
			);
			name = GameOfWarMainApp;
			packageProductDependencies = (
				6A7DDBCA2C8DA6BC0058DDBC /* SVProgressHUD */,
			);
			productName = GameOfWarMainApp;
			productReference = 6A7DDB492C8C921D0058DDBC /* GameOfWarMainApp.app */;
			productType = "com.apple.product-type.application";
		};
		6A7DDB5E2C8C92200058DDBC /* GameOfWarMainAppTests */ = {
			isa = PBXNativeTarget;
			buildConfigurationList = 6A7DDB762C8C92200058DDBC /* Build configuration list for PBXNativeTarget "GameOfWarMainAppTests" */;
			buildPhases = (
				6A7DDB5B2C8C92200058DDBC /* Sources */,
				6A7DDB5C2C8C92200058DDBC /* Frameworks */,
				6A7DDB5D2C8C92200058DDBC /* Resources */,
			);
			buildRules = (
			);
			dependencies = (
				6A7DDB612C8C92200058DDBC /* PBXTargetDependency */,
			);
			name = GameOfWarMainAppTests;
			productName = GameOfWarMainAppTests;
			productReference = 6A7DDB5F2C8C92200058DDBC /* GameOfWarMainAppTests.xctest */;
			productType = "com.apple.product-type.bundle.unit-test";
		};
		6A7DDB682C8C92200058DDBC /* GameOfWarMainAppUITests */ = {
			isa = PBXNativeTarget;
			buildConfigurationList = 6A7DDB792C8C92200058DDBC /* Build configuration list for PBXNativeTarget "GameOfWarMainAppUITests" */;
			buildPhases = (
				6A7DDB652C8C92200058DDBC /* Sources */,
				6A7DDB662C8C92200058DDBC /* Frameworks */,
				6A7DDB672C8C92200058DDBC /* Resources */,
			);
			buildRules = (
			);
			dependencies = (
				6A7DDB6B2C8C92200058DDBC /* PBXTargetDependency */,
			);
			name = GameOfWarMainAppUITests;
			productName = GameOfWarMainAppUITests;
			productReference = 6A7DDB692C8C92200058DDBC /* GameOfWarMainAppUITests.xctest */;
			productType = "com.apple.product-type.bundle.ui-testing";
		};
/* End PBXNativeTarget section */

/* Begin PBXProject section */
		6A7DDB412C8C921D0058DDBC /* Project object */ = {
			isa = PBXProject;
			attributes = {
				BuildIndependentTargetsInParallel = 1;
				LastSwiftUpdateCheck = 1540;
				LastUpgradeCheck = 1540;
				TargetAttributes = {
					6A7DDB482C8C921D0058DDBC = {
						CreatedOnToolsVersion = 15.4;
					};
					6A7DDB5E2C8C92200058DDBC = {
						CreatedOnToolsVersion = 15.4;
						TestTargetID = 6A7DDB482C8C921D0058DDBC;
					};
					6A7DDB682C8C92200058DDBC = {
						CreatedOnToolsVersion = 15.4;
						TestTargetID = 6A7DDB482C8C921D0058DDBC;
					};
				};
			};
			buildConfigurationList = 6A7DDB442C8C921D0058DDBC /* Build configuration list for PBXProject "GameOfWarMainApp" */;
			compatibilityVersion = "Xcode 14.0";
			developmentRegion = en;
			hasScannedForEncodings = 0;
			knownRegions = (
				en,
				Base,
			);
			mainGroup = 6A7DDB402C8C921D0058DDBC;
			packageReferences = (
				6A7DDBC92C8DA6BC0058DDBC /* XCRemoteSwiftPackageReference "SVProgressHUD" */,
			);
			productRefGroup = 6A7DDB4A2C8C921D0058DDBC /* Products */;
			projectDirPath = "";
			projectRoot = "";
			targets = (
				6A7DDB482C8C921D0058DDBC /* GameOfWarMainApp */,
				6A7DDB5E2C8C92200058DDBC /* GameOfWarMainAppTests */,
				6A7DDB682C8C92200058DDBC /* GameOfWarMainAppUITests */,
			);
		};
/* End PBXProject section */

/* Begin PBXResourcesBuildPhase section */
		6A7DDB472C8C921D0058DDBC /* Resources */ = {
			isa = PBXResourcesBuildPhase;
			buildActionMask = 2147483647;
			files = (
				6A7DDB562C8C921F0058DDBC /* Assets.xcassets in Resources */,
				6A7DDB592C8C921F0058DDBC /* Base in Resources */,
				6A7DDB542C8C921D0058DDBC /* Base in Resources */,
			);
			runOnlyForDeploymentPostprocessing = 0;
		};
		6A7DDB5D2C8C92200058DDBC /* Resources */ = {
			isa = PBXResourcesBuildPhase;
			buildActionMask = 2147483647;
			files = (
			);
			runOnlyForDeploymentPostprocessing = 0;
		};
		6A7DDB672C8C92200058DDBC /* Resources */ = {
			isa = PBXResourcesBuildPhase;
			buildActionMask = 2147483647;
			files = (
			);
			runOnlyForDeploymentPostprocessing = 0;
		};
/* End PBXResourcesBuildPhase section */

/* Begin PBXSourcesBuildPhase section */
		6A7DDB452C8C921D0058DDBC /* Sources */ = {
			isa = PBXSourcesBuildPhase;
			buildActionMask = 2147483647;
			files = (
				6A7DDB512C8C921D0058DDBC /* DetailViewController.swift in Sources */,
				6A7DDBC82C8D9A430058DDBC /* WelcomeViewController.swift in Sources */,
				6A7DDB4D2C8C921D0058DDBC /* AppDelegate.swift in Sources */,
				6A7DDB4F2C8C921D0058DDBC /* SceneDelegate.swift in Sources */,
			);
			runOnlyForDeploymentPostprocessing = 0;
		};
		6A7DDB5B2C8C92200058DDBC /* Sources */ = {
			isa = PBXSourcesBuildPhase;
			buildActionMask = 2147483647;
			files = (
				6A7DDB642C8C92200058DDBC /* GameOfWarMainAppTests.swift in Sources */,
			);
			runOnlyForDeploymentPostprocessing = 0;
		};
		6A7DDB652C8C92200058DDBC /* Sources */ = {
			isa = PBXSourcesBuildPhase;
			buildActionMask = 2147483647;
			files = (
				6A7DDB6E2C8C92200058DDBC /* GameOfWarMainAppUITests.swift in Sources */,
				6A7DDB702C8C92200058DDBC /* GameOfWarMainAppUITestsLaunchTests.swift in Sources */,
			);
			runOnlyForDeploymentPostprocessing = 0;
		};
/* End PBXSourcesBuildPhase section */

/* Begin PBXTargetDependency section */
		6A7DDB612C8C92200058DDBC /* PBXTargetDependency */ = {
			isa = PBXTargetDependency;
			target = 6A7DDB482C8C921D0058DDBC /* GameOfWarMainApp */;
			targetProxy = 6A7DDB602C8C92200058DDBC /* PBXContainerItemProxy */;
		};
		6A7DDB6B2C8C92200058DDBC /* PBXTargetDependency */ = {
			isa = PBXTargetDependency;
			target = 6A7DDB482C8C921D0058DDBC /* GameOfWarMainApp */;
			targetProxy = 6A7DDB6A2C8C92200058DDBC /* PBXContainerItemProxy */;
		};
/* End PBXTargetDependency section */

/* Begin PBXVariantGroup section */
		6A7DDB522C8C921D0058DDBC /* Main.storyboard */ = {
			isa = PBXVariantGroup;
			children = (
				6A7DDB532C8C921D0058DDBC /* Base */,
			);
			name = Main.storyboard;
			sourceTree = "<group>";
		};
		6A7DDB572C8C921F0058DDBC /* LaunchScreen.storyboard */ = {
			isa = PBXVariantGroup;
			children = (
				6A7DDB582C8C921F0058DDBC /* Base */,
			);
			name = LaunchScreen.storyboard;
			sourceTree = "<group>";
		};
/* End PBXVariantGroup section */

/* Begin XCBuildConfiguration section */
		6A7DDB712C8C92200058DDBC /* Debug */ = {
			isa = XCBuildConfiguration;
			buildSettings = {
				ALWAYS_SEARCH_USER_PATHS = NO;
				ASSETCATALOG_COMPILER_GENERATE_SWIFT_ASSET_SYMBOL_EXTENSIONS = YES;
				CLANG_ANALYZER_NONNULL = YES;
				CLANG_ANALYZER_NUMBER_OBJECT_CONVERSION = YES_AGGRESSIVE;
				CLANG_CXX_LANGUAGE_STANDARD = "gnu++20";
				CLANG_ENABLE_MODULES = YES;
				CLANG_ENABLE_OBJC_ARC = YES;
				CLANG_ENABLE_OBJC_WEAK = YES;
				CLANG_WARN_BLOCK_CAPTURE_AUTORELEASING = YES;
				CLANG_WARN_BOOL_CONVERSION = YES;
				CLANG_WARN_COMMA = YES;
				CLANG_WARN_CONSTANT_CONVERSION = YES;
				CLANG_WARN_DEPRECATED_OBJC_IMPLEMENTATIONS = YES;
				CLANG_WARN_DIRECT_OBJC_ISA_USAGE = YES_ERROR;
				CLANG_WARN_DOCUMENTATION_COMMENTS = YES;
				CLANG_WARN_EMPTY_BODY = YES;
				CLANG_WARN_ENUM_CONVERSION = YES;
				CLANG_WARN_INFINITE_RECURSION = YES;
				CLANG_WARN_INT_CONVERSION = YES;
				CLANG_WARN_NON_LITERAL_NULL_CONVERSION = YES;
				CLANG_WARN_OBJC_IMPLICIT_RETAIN_SELF = YES;
				CLANG_WARN_OBJC_LITERAL_CONVERSION = YES;
				CLANG_WARN_OBJC_ROOT_CLASS = YES_ERROR;
				CLANG_WARN_QUOTED_INCLUDE_IN_FRAMEWORK_HEADER = YES;
				CLANG_WARN_RANGE_LOOP_ANALYSIS = YES;
				CLANG_WARN_STRICT_PROTOTYPES = YES;
				CLANG_WARN_SUSPICIOUS_MOVE = YES;
				CLANG_WARN_UNGUARDED_AVAILABILITY = YES_AGGRESSIVE;
				CLANG_WARN_UNREACHABLE_CODE = YES;
				CLANG_WARN__DUPLICATE_METHOD_MATCH = YES;
				COPY_PHASE_STRIP = NO;
				DEBUG_INFORMATION_FORMAT = dwarf;
				ENABLE_STRICT_OBJC_MSGSEND = YES;
				ENABLE_TESTABILITY = YES;
				ENABLE_USER_SCRIPT_SANDBOXING = YES;
				GCC_C_LANGUAGE_STANDARD = gnu17;
				GCC_DYNAMIC_NO_PIC = NO;
				GCC_NO_COMMON_BLOCKS = YES;
				GCC_OPTIMIZATION_LEVEL = 0;
				GCC_PREPROCESSOR_DEFINITIONS = (
					"DEBUG=1",
					"$(inherited)",
				);
				GCC_WARN_64_TO_32_BIT_CONVERSION = YES;
				GCC_WARN_ABOUT_RETURN_TYPE = YES_ERROR;
				GCC_WARN_UNDECLARED_SELECTOR = YES;
				GCC_WARN_UNINITIALIZED_AUTOS = YES_AGGRESSIVE;
				GCC_WARN_UNUSED_FUNCTION = YES;
				GCC_WARN_UNUSED_VARIABLE = YES;
				IPHONEOS_DEPLOYMENT_TARGET = 17.5;
				LOCALIZATION_PREFERS_STRING_CATALOGS = YES;
				MTL_ENABLE_DEBUG_INFO = INCLUDE_SOURCE;
				MTL_FAST_MATH = YES;
				ONLY_ACTIVE_ARCH = YES;
				SDKROOT = iphoneos;
				SWIFT_ACTIVE_COMPILATION_CONDITIONS = "DEBUG $(inherited)";
				SWIFT_OPTIMIZATION_LEVEL = "-Onone";
			};
			name = Debug;
		};
		6A7DDB722C8C92200058DDBC /* Release */ = {
			isa = XCBuildConfiguration;
			buildSettings = {
				ALWAYS_SEARCH_USER_PATHS = NO;
				ASSETCATALOG_COMPILER_GENERATE_SWIFT_ASSET_SYMBOL_EXTENSIONS = YES;
				CLANG_ANALYZER_NONNULL = YES;
				CLANG_ANALYZER_NUMBER_OBJECT_CONVERSION = YES_AGGRESSIVE;
				CLANG_CXX_LANGUAGE_STANDARD = "gnu++20";
				CLANG_ENABLE_MODULES = YES;
				CLANG_ENABLE_OBJC_ARC = YES;
				CLANG_ENABLE_OBJC_WEAK = YES;
				CLANG_WARN_BLOCK_CAPTURE_AUTORELEASING = YES;
				CLANG_WARN_BOOL_CONVERSION = YES;
				CLANG_WARN_COMMA = YES;
				CLANG_WARN_CONSTANT_CONVERSION = YES;
				CLANG_WARN_DEPRECATED_OBJC_IMPLEMENTATIONS = YES;
				CLANG_WARN_DIRECT_OBJC_ISA_USAGE = YES_ERROR;
				CLANG_WARN_DOCUMENTATION_COMMENTS = YES;
				CLANG_WARN_EMPTY_BODY = YES;
				CLANG_WARN_ENUM_CONVERSION = YES;
				CLANG_WARN_INFINITE_RECURSION = YES;
				CLANG_WARN_INT_CONVERSION = YES;
				CLANG_WARN_NON_LITERAL_NULL_CONVERSION = YES;
				CLANG_WARN_OBJC_IMPLICIT_RETAIN_SELF = YES;
				CLANG_WARN_OBJC_LITERAL_CONVERSION = YES;
				CLANG_WARN_OBJC_ROOT_CLASS = YES_ERROR;
				CLANG_WARN_QUOTED_INCLUDE_IN_FRAMEWORK_HEADER = YES;
				CLANG_WARN_RANGE_LOOP_ANALYSIS = YES;
				CLANG_WARN_STRICT_PROTOTYPES = YES;
				CLANG_WARN_SUSPICIOUS_MOVE = YES;
				CLANG_WARN_UNGUARDED_AVAILABILITY = YES_AGGRESSIVE;
				CLANG_WARN_UNREACHABLE_CODE = YES;
				CLANG_WARN__DUPLICATE_METHOD_MATCH = YES;
				COPY_PHASE_STRIP = NO;
				DEBUG_INFORMATION_FORMAT = "dwarf-with-dsym";
				ENABLE_NS_ASSERTIONS = NO;
				ENABLE_STRICT_OBJC_MSGSEND = YES;
				ENABLE_USER_SCRIPT_SANDBOXING = YES;
				GCC_C_LANGUAGE_STANDARD = gnu17;
				GCC_NO_COMMON_BLOCKS = YES;
				GCC_WARN_64_TO_32_BIT_CONVERSION = YES;
				GCC_WARN_ABOUT_RETURN_TYPE = YES_ERROR;
				GCC_WARN_UNDECLARED_SELECTOR = YES;
				GCC_WARN_UNINITIALIZED_AUTOS = YES_AGGRESSIVE;
				GCC_WARN_UNUSED_FUNCTION = YES;
				GCC_WARN_UNUSED_VARIABLE = YES;
				IPHONEOS_DEPLOYMENT_TARGET = 17.5;
				LOCALIZATION_PREFERS_STRING_CATALOGS = YES;
				MTL_ENABLE_DEBUG_INFO = NO;
				MTL_FAST_MATH = YES;
				SDKROOT = iphoneos;
				SWIFT_COMPILATION_MODE = wholemodule;
				VALIDATE_PRODUCT = YES;
			};
			name = Release;
		};
		6A7DDB742C8C92200058DDBC /* Debug */ = {
			isa = XCBuildConfiguration;
			buildSettings = {
				ASSETCATALOG_COMPILER_APPICON_NAME = AppIcon;
				ASSETCATALOG_COMPILER_GLOBAL_ACCENT_COLOR_NAME = AccentColor;
				CODE_SIGN_STYLE = Automatic;
				CURRENT_PROJECT_VERSION = 1;
				DEVELOPMENT_TEAM = 6T9KM482YU;
				GENERATE_INFOPLIST_FILE = YES;
				INFOPLIST_FILE = GameOfWarMainApp/Info.plist;
				INFOPLIST_KEY_UIApplicationSupportsIndirectInputEvents = YES;
				INFOPLIST_KEY_UILaunchStoryboardName = LaunchScreen;
				INFOPLIST_KEY_UIMainStoryboardFile = Main;
				INFOPLIST_KEY_UISupportedInterfaceOrientations_iPad = "UIInterfaceOrientationPortrait UIInterfaceOrientationPortraitUpsideDown UIInterfaceOrientationLandscapeLeft UIInterfaceOrientationLandscapeRight";
				INFOPLIST_KEY_UISupportedInterfaceOrientations_iPhone = "UIInterfaceOrientationPortrait UIInterfaceOrientationLandscapeLeft UIInterfaceOrientationLandscapeRight";
				LD_RUNPATH_SEARCH_PATHS = (
					"$(inherited)",
					"@executable_path/Frameworks",
				);
				MARKETING_VERSION = 1.0;
				PRODUCT_BUNDLE_IDENTIFIER = com.mobility.GameOfWarMainApp;
				PRODUCT_NAME = "$(TARGET_NAME)";
				SWIFT_EMIT_LOC_STRINGS = YES;
				SWIFT_VERSION = 5.0;
				TARGETED_DEVICE_FAMILY = "1,2";
			};
			name = Debug;
		};
		6A7DDB752C8C92200058DDBC /* Release */ = {
			isa = XCBuildConfiguration;
			buildSettings = {
				ASSETCATALOG_COMPILER_APPICON_NAME = AppIcon;
				ASSETCATALOG_COMPILER_GLOBAL_ACCENT_COLOR_NAME = AccentColor;
				CODE_SIGN_STYLE = Automatic;
				CURRENT_PROJECT_VERSION = 1;
				DEVELOPMENT_TEAM = 6T9KM482YU;
				GENERATE_INFOPLIST_FILE = YES;
				INFOPLIST_FILE = GameOfWarMainApp/Info.plist;
				INFOPLIST_KEY_UIApplicationSupportsIndirectInputEvents = YES;
				INFOPLIST_KEY_UILaunchStoryboardName = LaunchScreen;
				INFOPLIST_KEY_UIMainStoryboardFile = Main;
				INFOPLIST_KEY_UISupportedInterfaceOrientations_iPad = "UIInterfaceOrientationPortrait UIInterfaceOrientationPortraitUpsideDown UIInterfaceOrientationLandscapeLeft UIInterfaceOrientationLandscapeRight";
				INFOPLIST_KEY_UISupportedInterfaceOrientations_iPhone = "UIInterfaceOrientationPortrait UIInterfaceOrientationLandscapeLeft UIInterfaceOrientationLandscapeRight";
				LD_RUNPATH_SEARCH_PATHS = (
					"$(inherited)",
					"@executable_path/Frameworks",
				);
				MARKETING_VERSION = 1.0;
				PRODUCT_BUNDLE_IDENTIFIER = com.mobility.GameOfWarMainApp;
				PRODUCT_NAME = "$(TARGET_NAME)";
				SWIFT_EMIT_LOC_STRINGS = YES;
				SWIFT_VERSION = 5.0;
				TARGETED_DEVICE_FAMILY = "1,2";
			};
			name = Release;
		};
		6A7DDB772C8C92200058DDBC /* Debug */ = {
			isa = XCBuildConfiguration;
			buildSettings = {
				ALWAYS_EMBED_SWIFT_STANDARD_LIBRARIES = YES;
				BUNDLE_LOADER = "$(TEST_HOST)";
				CODE_SIGN_STYLE = Automatic;
				CURRENT_PROJECT_VERSION = 1;
				DEVELOPMENT_TEAM = 6T9KM482YU;
				GENERATE_INFOPLIST_FILE = YES;
				IPHONEOS_DEPLOYMENT_TARGET = 17.5;
				MARKETING_VERSION = 1.0;
				PRODUCT_BUNDLE_IDENTIFIER = com.mobility.GameOfWarMainAppTests;
				PRODUCT_NAME = "$(TARGET_NAME)";
				SWIFT_EMIT_LOC_STRINGS = NO;
				SWIFT_VERSION = 5.0;
				TARGETED_DEVICE_FAMILY = "1,2";
				TEST_HOST = "$(BUILT_PRODUCTS_DIR)/GameOfWarMainApp.app/$(BUNDLE_EXECUTABLE_FOLDER_PATH)/GameOfWarMainApp";
			};
			name = Debug;
		};
		6A7DDB782C8C92200058DDBC /* Release */ = {
			isa = XCBuildConfiguration;
			buildSettings = {
				ALWAYS_EMBED_SWIFT_STANDARD_LIBRARIES = YES;
				BUNDLE_LOADER = "$(TEST_HOST)";
				CODE_SIGN_STYLE = Automatic;
				CURRENT_PROJECT_VERSION = 1;
				DEVELOPMENT_TEAM = 6T9KM482YU;
				GENERATE_INFOPLIST_FILE = YES;
				IPHONEOS_DEPLOYMENT_TARGET = 17.5;
				MARKETING_VERSION = 1.0;
				PRODUCT_BUNDLE_IDENTIFIER = com.mobility.GameOfWarMainAppTests;
				PRODUCT_NAME = "$(TARGET_NAME)";
				SWIFT_EMIT_LOC_STRINGS = NO;
				SWIFT_VERSION = 5.0;
				TARGETED_DEVICE_FAMILY = "1,2";
				TEST_HOST = "$(BUILT_PRODUCTS_DIR)/GameOfWarMainApp.app/$(BUNDLE_EXECUTABLE_FOLDER_PATH)/GameOfWarMainApp";
			};
			name = Release;
		};
		6A7DDB7A2C8C92200058DDBC /* Debug */ = {
			isa = XCBuildConfiguration;
			buildSettings = {
				ALWAYS_EMBED_SWIFT_STANDARD_LIBRARIES = YES;
				CODE_SIGN_STYLE = Automatic;
				CURRENT_PROJECT_VERSION = 1;
				DEVELOPMENT_TEAM = 6T9KM482YU;
				GENERATE_INFOPLIST_FILE = YES;
				MARKETING_VERSION = 1.0;
				PRODUCT_BUNDLE_IDENTIFIER = com.mobility.GameOfWarMainAppUITests;
				PRODUCT_NAME = "$(TARGET_NAME)";
				SWIFT_EMIT_LOC_STRINGS = NO;
				SWIFT_VERSION = 5.0;
				TARGETED_DEVICE_FAMILY = "1,2";
				TEST_TARGET_NAME = GameOfWarMainApp;
			};
			name = Debug;
		};
		6A7DDB7B2C8C92200058DDBC /* Release */ = {
			isa = XCBuildConfiguration;
			buildSettings = {
				ALWAYS_EMBED_SWIFT_STANDARD_LIBRARIES = YES;
				CODE_SIGN_STYLE = Automatic;
				CURRENT_PROJECT_VERSION = 1;
				DEVELOPMENT_TEAM = 6T9KM482YU;
				GENERATE_INFOPLIST_FILE = YES;
				MARKETING_VERSION = 1.0;
				PRODUCT_BUNDLE_IDENTIFIER = com.mobility.GameOfWarMainAppUITests;
				PRODUCT_NAME = "$(TARGET_NAME)";
				SWIFT_EMIT_LOC_STRINGS = NO;
				SWIFT_VERSION = 5.0;
				TARGETED_DEVICE_FAMILY = "1,2";
				TEST_TARGET_NAME = GameOfWarMainApp;
			};
			name = Release;
		};
/* End XCBuildConfiguration section */

/* Begin XCConfigurationList section */
		6A7DDB442C8C921D0058DDBC /* Build configuration list for PBXProject "GameOfWarMainApp" */ = {
			isa = XCConfigurationList;
			buildConfigurations = (
				6A7DDB712C8C92200058DDBC /* Debug */,
				6A7DDB722C8C92200058DDBC /* Release */,
			);
			defaultConfigurationIsVisible = 0;
			defaultConfigurationName = Release;
		};
		6A7DDB732C8C92200058DDBC /* Build configuration list for PBXNativeTarget "GameOfWarMainApp" */ = {
			isa = XCConfigurationList;
			buildConfigurations = (
				6A7DDB742C8C92200058DDBC /* Debug */,
				6A7DDB752C8C92200058DDBC /* Release */,
			);
			defaultConfigurationIsVisible = 0;
			defaultConfigurationName = Release;
		};
		6A7DDB762C8C92200058DDBC /* Build configuration list for PBXNativeTarget "GameOfWarMainAppTests" */ = {
			isa = XCConfigurationList;
			buildConfigurations = (
				6A7DDB772C8C92200058DDBC /* Debug */,
				6A7DDB782C8C92200058DDBC /* Release */,
			);
			defaultConfigurationIsVisible = 0;
			defaultConfigurationName = Release;
		};
		6A7DDB792C8C92200058DDBC /* Build configuration list for PBXNativeTarget "GameOfWarMainAppUITests" */ = {
			isa = XCConfigurationList;
			buildConfigurations = (
				6A7DDB7A2C8C92200058DDBC /* Debug */,
				6A7DDB7B2C8C92200058DDBC /* Release */,
			);
			defaultConfigurationIsVisible = 0;
			defaultConfigurationName = Release;
		};
/* End XCConfigurationList section */

/* Begin XCRemoteSwiftPackageReference section */
		6A7DDBC92C8DA6BC0058DDBC /* XCRemoteSwiftPackageReference "SVProgressHUD" */ = {
			isa = XCRemoteSwiftPackageReference;
			repositoryURL = "https://github.com/SVProgressHUD/SVProgressHUD.git";
			requirement = {
				kind = upToNextMajorVersion;
				minimumVersion = 2.3.1;
			};
		};
/* End XCRemoteSwiftPackageReference section */

/* Begin XCSwiftPackageProductDependency section */
		6A7DDBCA2C8DA6BC0058DDBC /* SVProgressHUD */ = {
			isa = XCSwiftPackageProductDependency;
			package = 6A7DDBC92C8DA6BC0058DDBC /* XCRemoteSwiftPackageReference "SVProgressHUD" */;
			productName = SVProgressHUD;
		};
/* End XCSwiftPackageProductDependency section */
	};
	rootObject = 6A7DDB412C8C921D0058DDBC /* Project object */;
}
